// !$*UTF8*$!
{
	archiveVersion = 1;
	classes = {
	};
	objectVersion = 46;
	objects = {

/* Begin PBXBuildFile section */
		4E475DD91F54E38300AEEF4A /* AppDelegate.swift in Sources */ = {isa = PBXBuildFile; fileRef = 4E475DD81F54E38300AEEF4A /* AppDelegate.swift */; };
		4E475DDB1F54E38300AEEF4A /* ViewController.swift in Sources */ = {isa = PBXBuildFile; fileRef = 4E475DDA1F54E38300AEEF4A /* ViewController.swift */; };
		4E475DDE1F54E38300AEEF4A /* Main.storyboard in Resources */ = {isa = PBXBuildFile; fileRef = 4E475DDC1F54E38300AEEF4A /* Main.storyboard */; };
		4E475DE01F54E38300AEEF4A /* Assets.xcassets in Resources */ = {isa = PBXBuildFile; fileRef = 4E475DDF1F54E38300AEEF4A /* Assets.xcassets */; };
		4E475DE31F54E38300AEEF4A /* LaunchScreen.storyboard in Resources */ = {isa = PBXBuildFile; fileRef = 4E475DE11F54E38300AEEF4A /* LaunchScreen.storyboard */; };
		4E475DEE1F54E38400AEEF4A /* rawrTests.swift in Sources */ = {isa = PBXBuildFile; fileRef = 4E475DED1F54E38400AEEF4A /* rawrTests.swift */; };
		4E475DF91F54E38400AEEF4A /* rawrUITests.swift in Sources */ = {isa = PBXBuildFile; fileRef = 4E475DF81F54E38400AEEF4A /* rawrUITests.swift */; };
		4E475E091F55A38300AEEF4A /* goat.gif in Resources */ = {isa = PBXBuildFile; fileRef = 4E475E081F55A38300AEEF4A /* goat.gif */; };
		51A55C304DC0BB1081BE9E37 /* Pods_rawrUITests.framework in Frameworks */ = {isa = PBXBuildFile; fileRef = 226EF6B293945A528BB90D0C /* Pods_rawrUITests.framework */; };
		835B6924B1F896B7439454D7 /* Pods_rawrTests.framework in Frameworks */ = {isa = PBXBuildFile; fileRef = 67823BB2C315E487A08BB70F /* Pods_rawrTests.framework */; };
		FD9778980DB766CB910FA3E6 /* Pods_rawr.framework in Frameworks */ = {isa = PBXBuildFile; fileRef = 635F18183C8259D3C36A3CF4 /* Pods_rawr.framework */; };
/* End PBXBuildFile section */

/* Begin PBXContainerItemProxy section */
		4E475DEA1F54E38400AEEF4A /* PBXContainerItemProxy */ = {
			isa = PBXContainerItemProxy;
			containerPortal = 4E475DCD1F54E38300AEEF4A /* Project object */;
			proxyType = 1;
			remoteGlobalIDString = 4E475DD41F54E38300AEEF4A;
			remoteInfo = rawr;
		};
		4E475DF51F54E38400AEEF4A /* PBXContainerItemProxy */ = {
			isa = PBXContainerItemProxy;
			containerPortal = 4E475DCD1F54E38300AEEF4A /* Project object */;
			proxyType = 1;
			remoteGlobalIDString = 4E475DD41F54E38300AEEF4A;
			remoteInfo = rawr;
		};
/* End PBXContainerItemProxy section */

/* Begin PBXFileReference section */
		12F57864686CACED05C27004 /* Pods-rawrUITests.debug.xcconfig */ = {isa = PBXFileReference; includeInIndex = 1; lastKnownFileType = text.xcconfig; name = "Pods-rawrUITests.debug.xcconfig"; path = "Pods/Target Support Files/Pods-rawrUITests/Pods-rawrUITests.debug.xcconfig"; sourceTree = "<group>"; };
		1886FE941612CA1ACEA3AD32 /* Pods-rawrUITests.release.xcconfig */ = {isa = PBXFileReference; includeInIndex = 1; lastKnownFileType = text.xcconfig; name = "Pods-rawrUITests.release.xcconfig"; path = "Pods/Target Support Files/Pods-rawrUITests/Pods-rawrUITests.release.xcconfig"; sourceTree = "<group>"; };
		226EF6B293945A528BB90D0C /* Pods_rawrUITests.framework */ = {isa = PBXFileReference; explicitFileType = wrapper.framework; includeInIndex = 0; path = Pods_rawrUITests.framework; sourceTree = BUILT_PRODUCTS_DIR; };
		4B5E99EA481EF81DD29C95C5 /* Pods-rawrTests.release.xcconfig */ = {isa = PBXFileReference; includeInIndex = 1; lastKnownFileType = text.xcconfig; name = "Pods-rawrTests.release.xcconfig"; path = "Pods/Target Support Files/Pods-rawrTests/Pods-rawrTests.release.xcconfig"; sourceTree = "<group>"; };
		4E475DD51F54E38300AEEF4A /* rawr.app */ = {isa = PBXFileReference; explicitFileType = wrapper.application; includeInIndex = 0; path = rawr.app; sourceTree = BUILT_PRODUCTS_DIR; };
		4E475DD81F54E38300AEEF4A /* AppDelegate.swift */ = {isa = PBXFileReference; lastKnownFileType = sourcecode.swift; path = AppDelegate.swift; sourceTree = "<group>"; };
		4E475DDA1F54E38300AEEF4A /* ViewController.swift */ = {isa = PBXFileReference; lastKnownFileType = sourcecode.swift; path = ViewController.swift; sourceTree = "<group>"; };
		4E475DDD1F54E38300AEEF4A /* Base */ = {isa = PBXFileReference; lastKnownFileType = file.storyboard; name = Base; path = Base.lproj/Main.storyboard; sourceTree = "<group>"; };
		4E475DDF1F54E38300AEEF4A /* Assets.xcassets */ = {isa = PBXFileReference; lastKnownFileType = folder.assetcatalog; path = Assets.xcassets; sourceTree = "<group>"; };
		4E475DE21F54E38300AEEF4A /* Base */ = {isa = PBXFileReference; lastKnownFileType = file.storyboard; name = Base; path = Base.lproj/LaunchScreen.storyboard; sourceTree = "<group>"; };
		4E475DE41F54E38300AEEF4A /* Info.plist */ = {isa = PBXFileReference; lastKnownFileType = text.plist.xml; path = Info.plist; sourceTree = "<group>"; };
		4E475DE91F54E38400AEEF4A /* rawrTests.xctest */ = {isa = PBXFileReference; explicitFileType = wrapper.cfbundle; includeInIndex = 0; path = rawrTests.xctest; sourceTree = BUILT_PRODUCTS_DIR; };
		4E475DED1F54E38400AEEF4A /* rawrTests.swift */ = {isa = PBXFileReference; lastKnownFileType = sourcecode.swift; path = rawrTests.swift; sourceTree = "<group>"; };
		4E475DEF1F54E38400AEEF4A /* Info.plist */ = {isa = PBXFileReference; lastKnownFileType = text.plist.xml; path = Info.plist; sourceTree = "<group>"; };
		4E475DF41F54E38400AEEF4A /* rawrUITests.xctest */ = {isa = PBXFileReference; explicitFileType = wrapper.cfbundle; includeInIndex = 0; path = rawrUITests.xctest; sourceTree = BUILT_PRODUCTS_DIR; };
		4E475DF81F54E38400AEEF4A /* rawrUITests.swift */ = {isa = PBXFileReference; lastKnownFileType = sourcecode.swift; path = rawrUITests.swift; sourceTree = "<group>"; };
		4E475DFA1F54E38400AEEF4A /* Info.plist */ = {isa = PBXFileReference; lastKnownFileType = text.plist.xml; path = Info.plist; sourceTree = "<group>"; };
		4E475E081F55A38300AEEF4A /* goat.gif */ = {isa = PBXFileReference; lastKnownFileType = image.gif; path = goat.gif; sourceTree = "<group>"; };
		635F18183C8259D3C36A3CF4 /* Pods_rawr.framework */ = {isa = PBXFileReference; explicitFileType = wrapper.framework; includeInIndex = 0; path = Pods_rawr.framework; sourceTree = BUILT_PRODUCTS_DIR; };
		67823BB2C315E487A08BB70F /* Pods_rawrTests.framework */ = {isa = PBXFileReference; explicitFileType = wrapper.framework; includeInIndex = 0; path = Pods_rawrTests.framework; sourceTree = BUILT_PRODUCTS_DIR; };
		90D7A7FD128E1F9C7CCD4F53 /* Pods-rawr.release.xcconfig */ = {isa = PBXFileReference; includeInIndex = 1; lastKnownFileType = text.xcconfig; name = "Pods-rawr.release.xcconfig"; path = "Pods/Target Support Files/Pods-rawr/Pods-rawr.release.xcconfig"; sourceTree = "<group>"; };
		CACC3651D6F4CE1A7F60ECE3 /* Pods-rawr.debug.xcconfig */ = {isa = PBXFileReference; includeInIndex = 1; lastKnownFileType = text.xcconfig; name = "Pods-rawr.debug.xcconfig"; path = "Pods/Target Support Files/Pods-rawr/Pods-rawr.debug.xcconfig"; sourceTree = "<group>"; };
		D7DCC7C09DF2BBC022796CB0 /* Pods-rawrTests.debug.xcconfig */ = {isa = PBXFileReference; includeInIndex = 1; lastKnownFileType = text.xcconfig; name = "Pods-rawrTests.debug.xcconfig"; path = "Pods/Target Support Files/Pods-rawrTests/Pods-rawrTests.debug.xcconfig"; sourceTree = "<group>"; };
/* End PBXFileReference section */

/* Begin PBXFrameworksBuildPhase section */
		4E475DD21F54E38300AEEF4A /* Frameworks */ = {
			isa = PBXFrameworksBuildPhase;
			buildActionMask = 2147483647;
			files = (
				FD9778980DB766CB910FA3E6 /* Pods_rawr.framework in Frameworks */,
			);
			runOnlyForDeploymentPostprocessing = 0;
		};
		4E475DE61F54E38400AEEF4A /* Frameworks */ = {
			isa = PBXFrameworksBuildPhase;
			buildActionMask = 2147483647;
			files = (
				835B6924B1F896B7439454D7 /* Pods_rawrTests.framework in Frameworks */,
			);
			runOnlyForDeploymentPostprocessing = 0;
		};
		4E475DF11F54E38400AEEF4A /* Frameworks */ = {
			isa = PBXFrameworksBuildPhase;
			buildActionMask = 2147483647;
			files = (
				51A55C304DC0BB1081BE9E37 /* Pods_rawrUITests.framework in Frameworks */,
			);
			runOnlyForDeploymentPostprocessing = 0;
		};
/* End PBXFrameworksBuildPhase section */

/* Begin PBXGroup section */
		4E475DCC1F54E38300AEEF4A = {
			isa = PBXGroup;
			children = (
				4E475E081F55A38300AEEF4A /* goat.gif */,
				4E475DD71F54E38300AEEF4A /* rawr */,
				4E475DEC1F54E38400AEEF4A /* rawrTests */,
				4E475DF71F54E38400AEEF4A /* rawrUITests */,
				4E475DD61F54E38300AEEF4A /* Products */,
				D2B805FD4D6E19E57E35B85A /* Pods */,
				74E44016B89F0D92CBC896FF /* Frameworks */,
			);
			sourceTree = "<group>";
		};
		4E475DD61F54E38300AEEF4A /* Products */ = {
			isa = PBXGroup;
			children = (
				4E475DD51F54E38300AEEF4A /* rawr.app */,
				4E475DE91F54E38400AEEF4A /* rawrTests.xctest */,
				4E475DF41F54E38400AEEF4A /* rawrUITests.xctest */,
			);
			name = Products;
			sourceTree = "<group>";
		};
		4E475DD71F54E38300AEEF4A /* rawr */ = {
			isa = PBXGroup;
			children = (
				4E475DD81F54E38300AEEF4A /* AppDelegate.swift */,
				4E475DDA1F54E38300AEEF4A /* ViewController.swift */,
				4E475DDC1F54E38300AEEF4A /* Main.storyboard */,
				4E475DDF1F54E38300AEEF4A /* Assets.xcassets */,
				4E475DE11F54E38300AEEF4A /* LaunchScreen.storyboard */,
				4E475DE41F54E38300AEEF4A /* Info.plist */,
			);
			path = rawr;
			sourceTree = "<group>";
		};
		4E475DEC1F54E38400AEEF4A /* rawrTests */ = {
			isa = PBXGroup;
			children = (
				4E475DED1F54E38400AEEF4A /* rawrTests.swift */,
				4E475DEF1F54E38400AEEF4A /* Info.plist */,
			);
			path = rawrTests;
			sourceTree = "<group>";
		};
		4E475DF71F54E38400AEEF4A /* rawrUITests */ = {
			isa = PBXGroup;
			children = (
				4E475DF81F54E38400AEEF4A /* rawrUITests.swift */,
				4E475DFA1F54E38400AEEF4A /* Info.plist */,
			);
			path = rawrUITests;
			sourceTree = "<group>";
		};
		74E44016B89F0D92CBC896FF /* Frameworks */ = {
			isa = PBXGroup;
			children = (
				635F18183C8259D3C36A3CF4 /* Pods_rawr.framework */,
				67823BB2C315E487A08BB70F /* Pods_rawrTests.framework */,
				226EF6B293945A528BB90D0C /* Pods_rawrUITests.framework */,
			);
			name = Frameworks;
			sourceTree = "<group>";
		};
		D2B805FD4D6E19E57E35B85A /* Pods */ = {
			isa = PBXGroup;
			children = (
				CACC3651D6F4CE1A7F60ECE3 /* Pods-rawr.debug.xcconfig */,
				90D7A7FD128E1F9C7CCD4F53 /* Pods-rawr.release.xcconfig */,
				D7DCC7C09DF2BBC022796CB0 /* Pods-rawrTests.debug.xcconfig */,
				4B5E99EA481EF81DD29C95C5 /* Pods-rawrTests.release.xcconfig */,
				12F57864686CACED05C27004 /* Pods-rawrUITests.debug.xcconfig */,
				1886FE941612CA1ACEA3AD32 /* Pods-rawrUITests.release.xcconfig */,
			);
			name = Pods;
			sourceTree = "<group>";
		};
/* End PBXGroup section */

/* Begin PBXNativeTarget section */
		4E475DD41F54E38300AEEF4A /* rawr */ = {
			isa = PBXNativeTarget;
			buildConfigurationList = 4E475DFD1F54E38400AEEF4A /* Build configuration list for PBXNativeTarget "rawr" */;
			buildPhases = (
				B60F709128AA73E9C9EB6B2F /* [CP] Check Pods Manifest.lock */,
				4E475DD11F54E38300AEEF4A /* Sources */,
				4E475DD21F54E38300AEEF4A /* Frameworks */,
				4E475DD31F54E38300AEEF4A /* Resources */,
				1694A28EFBA8D8D757B1F105 /* [CP] Embed Pods Frameworks */,
				3ECC8E0DAAF6584F3F797104 /* [CP] Copy Pods Resources */,
			);
			buildRules = (
			);
			dependencies = (
			);
			name = rawr;
			productName = rawr;
			productReference = 4E475DD51F54E38300AEEF4A /* rawr.app */;
			productType = "com.apple.product-type.application";
		};
		4E475DE81F54E38400AEEF4A /* rawrTests */ = {
			isa = PBXNativeTarget;
			buildConfigurationList = 4E475E001F54E38400AEEF4A /* Build configuration list for PBXNativeTarget "rawrTests" */;
			buildPhases = (
				785DC863AE4791E644F5F794 /* [CP] Check Pods Manifest.lock */,
				4E475DE51F54E38400AEEF4A /* Sources */,
				4E475DE61F54E38400AEEF4A /* Frameworks */,
				4E475DE71F54E38400AEEF4A /* Resources */,
				7A9A1A1384870087043E7C66 /* [CP] Embed Pods Frameworks */,
				6925AEF1FE52123D15FC26AB /* [CP] Copy Pods Resources */,
			);
			buildRules = (
			);
			dependencies = (
				4E475DEB1F54E38400AEEF4A /* PBXTargetDependency */,
			);
			name = rawrTests;
			productName = rawrTests;
			productReference = 4E475DE91F54E38400AEEF4A /* rawrTests.xctest */;
			productType = "com.apple.product-type.bundle.unit-test";
		};
		4E475DF31F54E38400AEEF4A /* rawrUITests */ = {
			isa = PBXNativeTarget;
			buildConfigurationList = 4E475E031F54E38400AEEF4A /* Build configuration list for PBXNativeTarget "rawrUITests" */;
			buildPhases = (
				99C379C1EFB7C04C7279DAB2 /* [CP] Check Pods Manifest.lock */,
				4E475DF01F54E38400AEEF4A /* Sources */,
				4E475DF11F54E38400AEEF4A /* Frameworks */,
				4E475DF21F54E38400AEEF4A /* Resources */,
				EEAE2E2249EDEF7F7C7EA2F0 /* [CP] Embed Pods Frameworks */,
				83EEC54335AC5AE974A1E859 /* [CP] Copy Pods Resources */,
			);
			buildRules = (
			);
			dependencies = (
				4E475DF61F54E38400AEEF4A /* PBXTargetDependency */,
			);
			name = rawrUITests;
			productName = rawrUITests;
			productReference = 4E475DF41F54E38400AEEF4A /* rawrUITests.xctest */;
			productType = "com.apple.product-type.bundle.ui-testing";
		};
/* End PBXNativeTarget section */

/* Begin PBXProject section */
		4E475DCD1F54E38300AEEF4A /* Project object */ = {
			isa = PBXProject;
			attributes = {
				LastSwiftUpdateCheck = 0830;
				LastUpgradeCheck = 0830;
				ORGANIZATIONNAME = "Kelsey Kerr";
				TargetAttributes = {
					4E475DD41F54E38300AEEF4A = {
						CreatedOnToolsVersion = 8.3.3;
						DevelopmentTeam = FBFJ686W9V;
						ProvisioningStyle = Automatic;
					};
					4E475DE81F54E38400AEEF4A = {
						CreatedOnToolsVersion = 8.3.3;
						ProvisioningStyle = Automatic;
						TestTargetID = 4E475DD41F54E38300AEEF4A;
					};
					4E475DF31F54E38400AEEF4A = {
						CreatedOnToolsVersion = 8.3.3;
						ProvisioningStyle = Automatic;
						TestTargetID = 4E475DD41F54E38300AEEF4A;
					};
				};
			};
			buildConfigurationList = 4E475DD01F54E38300AEEF4A /* Build configuration list for PBXProject "rawr" */;
			compatibilityVersion = "Xcode 3.2";
			developmentRegion = English;
			hasScannedForEncodings = 0;
			knownRegions = (
				en,
				Base,
			);
			mainGroup = 4E475DCC1F54E38300AEEF4A;
			productRefGroup = 4E475DD61F54E38300AEEF4A /* Products */;
			projectDirPath = "";
			projectRoot = "";
			targets = (
				4E475DD41F54E38300AEEF4A /* rawr */,
				4E475DE81F54E38400AEEF4A /* rawrTests */,
				4E475DF31F54E38400AEEF4A /* rawrUITests */,
			);
		};
/* End PBXProject section */

/* Begin PBXResourcesBuildPhase section */
		4E475DD31F54E38300AEEF4A /* Resources */ = {
			isa = PBXResourcesBuildPhase;
			buildActionMask = 2147483647;
			files = (
				4E475DE31F54E38300AEEF4A /* LaunchScreen.storyboard in Resources */,
				4E475DE01F54E38300AEEF4A /* Assets.xcassets in Resources */,
				4E475DDE1F54E38300AEEF4A /* Main.storyboard in Resources */,
				4E475E091F55A38300AEEF4A /* goat.gif in Resources */,
			);
			runOnlyForDeploymentPostprocessing = 0;
		};
		4E475DE71F54E38400AEEF4A /* Resources */ = {
			isa = PBXResourcesBuildPhase;
			buildActionMask = 2147483647;
			files = (
			);
			runOnlyForDeploymentPostprocessing = 0;
		};
		4E475DF21F54E38400AEEF4A /* Resources */ = {
			isa = PBXResourcesBuildPhase;
			buildActionMask = 2147483647;
			files = (
			);
			runOnlyForDeploymentPostprocessing = 0;
		};
/* End PBXResourcesBuildPhase section */

/* Begin PBXShellScriptBuildPhase section */
		1694A28EFBA8D8D757B1F105 /* [CP] Embed Pods Frameworks */ = {
			isa = PBXShellScriptBuildPhase;
			buildActionMask = 2147483647;
			files = (
			);
			inputPaths = (
				"${SRCROOT}/Pods/Target Support Files/Pods-rawr/Pods-rawr-frameworks.sh",
				"${BUILT_PRODUCTS_DIR}/SwiftyGif/SwiftyGif.framework",
			);
			name = "[CP] Embed Pods Frameworks";
			outputPaths = (
				"${TARGET_BUILD_DIR}/${FRAMEWORKS_FOLDER_PATH}/SwiftyGif.framework",
			);
			runOnlyForDeploymentPostprocessing = 0;
			shellPath = /bin/sh;
			shellScript = "\"${SRCROOT}/Pods/Target Support Files/Pods-rawr/Pods-rawr-frameworks.sh\"\n";
			showEnvVarsInLog = 0;
		};
		3ECC8E0DAAF6584F3F797104 /* [CP] Copy Pods Resources */ = {
			isa = PBXShellScriptBuildPhase;
			buildActionMask = 2147483647;
			files = (
			);
			inputPaths = (
			);
			name = "[CP] Copy Pods Resources";
			outputPaths = (
			);
			runOnlyForDeploymentPostprocessing = 0;
			shellPath = /bin/sh;
			shellScript = "\"${SRCROOT}/Pods/Target Support Files/Pods-rawr/Pods-rawr-resources.sh\"\n";
			showEnvVarsInLog = 0;
		};
		6925AEF1FE52123D15FC26AB /* [CP] Copy Pods Resources */ = {
			isa = PBXShellScriptBuildPhase;
			buildActionMask = 2147483647;
			files = (
			);
			inputPaths = (
			);
			name = "[CP] Copy Pods Resources";
			outputPaths = (
			);
			runOnlyForDeploymentPostprocessing = 0;
			shellPath = /bin/sh;
			shellScript = "\"${SRCROOT}/Pods/Target Support Files/Pods-rawrTests/Pods-rawrTests-resources.sh\"\n";
			showEnvVarsInLog = 0;
		};
		785DC863AE4791E644F5F794 /* [CP] Check Pods Manifest.lock */ = {
			isa = PBXShellScriptBuildPhase;
			buildActionMask = 2147483647;
			files = (
			);
			inputPaths = (
				"${PODS_PODFILE_DIR_PATH}/Podfile.lock",
				"${PODS_ROOT}/Manifest.lock",
			);
			name = "[CP] Check Pods Manifest.lock";
			outputPaths = (
				"$(DERIVED_FILE_DIR)/Pods-rawrTests-checkManifestLockResult.txt",
			);
			runOnlyForDeploymentPostprocessing = 0;
			shellPath = /bin/sh;
			shellScript = "diff \"${PODS_PODFILE_DIR_PATH}/Podfile.lock\" \"${PODS_ROOT}/Manifest.lock\" > /dev/null\nif [ $? != 0 ] ; then\n    # print error to STDERR\n    echo \"error: The sandbox is not in sync with the Podfile.lock. Run 'pod install' or update your CocoaPods installation.\" >&2\n    exit 1\nfi\n# This output is used by Xcode 'outputs' to avoid re-running this script phase.\necho \"SUCCESS\" > \"${SCRIPT_OUTPUT_FILE_0}\"\n";
			showEnvVarsInLog = 0;
		};
		7A9A1A1384870087043E7C66 /* [CP] Embed Pods Frameworks */ = {
			isa = PBXShellScriptBuildPhase;
			buildActionMask = 2147483647;
			files = (
			);
			inputPaths = (
			);
			name = "[CP] Embed Pods Frameworks";
			outputPaths = (
			);
			runOnlyForDeploymentPostprocessing = 0;
			shellPath = /bin/sh;
			shellScript = "\"${SRCROOT}/Pods/Target Support Files/Pods-rawrTests/Pods-rawrTests-frameworks.sh\"\n";
			showEnvVarsInLog = 0;
		};
		83EEC54335AC5AE974A1E859 /* [CP] Copy Pods Resources */ = {
			isa = PBXShellScriptBuildPhase;
			buildActionMask = 2147483647;
			files = (
			);
			inputPaths = (
			);
			name = "[CP] Copy Pods Resources";
			outputPaths = (
			);
			runOnlyForDeploymentPostprocessing = 0;
			shellPath = /bin/sh;
			shellScript = "\"${SRCROOT}/Pods/Target Support Files/Pods-rawrUITests/Pods-rawrUITests-resources.sh\"\n";
			showEnvVarsInLog = 0;
		};
		99C379C1EFB7C04C7279DAB2 /* [CP] Check Pods Manifest.lock */ = {
			isa = PBXShellScriptBuildPhase;
			buildActionMask = 2147483647;
			files = (
			);
			inputPaths = (
				"${PODS_PODFILE_DIR_PATH}/Podfile.lock",
				"${PODS_ROOT}/Manifest.lock",
			);
			name = "[CP] Check Pods Manifest.lock";
			outputPaths = (
				"$(DERIVED_FILE_DIR)/Pods-rawrUITests-checkManifestLockResult.txt",
			);
			runOnlyForDeploymentPostprocessing = 0;
			shellPath = /bin/sh;
			shellScript = "diff \"${PODS_PODFILE_DIR_PATH}/Podfile.lock\" \"${PODS_ROOT}/Manifest.lock\" > /dev/null\nif [ $? != 0 ] ; then\n    # print error to STDERR\n    echo \"error: The sandbox is not in sync with the Podfile.lock. Run 'pod install' or update your CocoaPods installation.\" >&2\n    exit 1\nfi\n# This output is used by Xcode 'outputs' to avoid re-running this script phase.\necho \"SUCCESS\" > \"${SCRIPT_OUTPUT_FILE_0}\"\n";
			showEnvVarsInLog = 0;
		};
		B60F709128AA73E9C9EB6B2F /* [CP] Check Pods Manifest.lock */ = {
			isa = PBXShellScriptBuildPhase;
			buildActionMask = 2147483647;
			files = (
			);
			inputPaths = (
				"${PODS_PODFILE_DIR_PATH}/Podfile.lock",
				"${PODS_ROOT}/Manifest.lock",
			);
			name = "[CP] Check Pods Manifest.lock";
			outputPaths = (
				"$(DERIVED_FILE_DIR)/Pods-rawr-checkManifestLockResult.txt",
			);
			runOnlyForDeploymentPostprocessing = 0;
			shellPath = /bin/sh;
			shellScript = "diff \"${PODS_PODFILE_DIR_PATH}/Podfile.lock\" \"${PODS_ROOT}/Manifest.lock\" > /dev/null\nif [ $? != 0 ] ; then\n    # print error to STDERR\n    echo \"error: The sandbox is not in sync with the Podfile.lock. Run 'pod install' or update your CocoaPods installation.\" >&2\n    exit 1\nfi\n# This output is used by Xcode 'outputs' to avoid re-running this script phase.\necho \"SUCCESS\" > \"${SCRIPT_OUTPUT_FILE_0}\"\n";
			showEnvVarsInLog = 0;
		};
		EEAE2E2249EDEF7F7C7EA2F0 /* [CP] Embed Pods Frameworks */ = {
			isa = PBXShellScriptBuildPhase;
			buildActionMask = 2147483647;
			files = (
			);
			inputPaths = (
			);
			name = "[CP] Embed Pods Frameworks";
			outputPaths = (
			);
			runOnlyForDeploymentPostprocessing = 0;
			shellPath = /bin/sh;
			shellScript = "\"${SRCROOT}/Pods/Target Support Files/Pods-rawrUITests/Pods-rawrUITests-frameworks.sh\"\n";
			showEnvVarsInLog = 0;
		};
/* End PBXShellScriptBuildPhase section */

/* Begin PBXSourcesBuildPhase section */
		4E475DD11F54E38300AEEF4A /* Sources */ = {
			isa = PBXSourcesBuildPhase;
			buildActionMask = 2147483647;
			files = (
				4E475DDB1F54E38300AEEF4A /* ViewController.swift in Sources */,
				4E475DD91F54E38300AEEF4A /* AppDelegate.swift in Sources */,
			);
			runOnlyForDeploymentPostprocessing = 0;
		};
		4E475DE51F54E38400AEEF4A /* Sources */ = {
			isa = PBXSourcesBuildPhase;
			buildActionMask = 2147483647;
			files = (
				4E475DEE1F54E38400AEEF4A /* rawrTests.swift in Sources */,
			);
			runOnlyForDeploymentPostprocessing = 0;
		};
		4E475DF01F54E38400AEEF4A /* Sources */ = {
			isa = PBXSourcesBuildPhase;
			buildActionMask = 2147483647;
			files = (
				4E475DF91F54E38400AEEF4A /* rawrUITests.swift in Sources */,
			);
			runOnlyForDeploymentPostprocessing = 0;
		};
/* End PBXSourcesBuildPhase section */

/* Begin PBXTargetDependency section */
		4E475DEB1F54E38400AEEF4A /* PBXTargetDependency */ = {
			isa = PBXTargetDependency;
			target = 4E475DD41F54E38300AEEF4A /* rawr */;
			targetProxy = 4E475DEA1F54E38400AEEF4A /* PBXContainerItemProxy */;
		};
		4E475DF61F54E38400AEEF4A /* PBXTargetDependency */ = {
			isa = PBXTargetDependency;
			target = 4E475DD41F54E38300AEEF4A /* rawr */;
			targetProxy = 4E475DF51F54E38400AEEF4A /* PBXContainerItemProxy */;
		};
/* End PBXTargetDependency section */

/* Begin PBXVariantGroup section */
		4E475DDC1F54E38300AEEF4A /* Main.storyboard */ = {
			isa = PBXVariantGroup;
			children = (
				4E475DDD1F54E38300AEEF4A /* Base */,
			);
			name = Main.storyboard;
			sourceTree = "<group>";
		};
		4E475DE11F54E38300AEEF4A /* LaunchScreen.storyboard */ = {
			isa = PBXVariantGroup;
			children = (
				4E475DE21F54E38300AEEF4A /* Base */,
			);
			name = LaunchScreen.storyboard;
			sourceTree = "<group>";
		};
/* End PBXVariantGroup section */

/* Begin XCBuildConfiguration section */
		4E475DFB1F54E38400AEEF4A /* Debug */ = {
			isa = XCBuildConfiguration;
			buildSettings = {
				ALWAYS_SEARCH_USER_PATHS = NO;
				CLANG_ANALYZER_NONNULL = YES;
				CLANG_ANALYZER_NUMBER_OBJECT_CONVERSION = YES_AGGRESSIVE;
				CLANG_CXX_LANGUAGE_STANDARD = "gnu++0x";
				CLANG_CXX_LIBRARY = "libc++";
				CLANG_ENABLE_MODULES = YES;
				CLANG_ENABLE_OBJC_ARC = YES;
				CLANG_WARN_BOOL_CONVERSION = YES;
				CLANG_WARN_CONSTANT_CONVERSION = YES;
				CLANG_WARN_DIRECT_OBJC_ISA_USAGE = YES_ERROR;
				CLANG_WARN_DOCUMENTATION_COMMENTS = YES;
				CLANG_WARN_EMPTY_BODY = YES;
				CLANG_WARN_ENUM_CONVERSION = YES;
				CLANG_WARN_INFINITE_RECURSION = YES;
				CLANG_WARN_INT_CONVERSION = YES;
				CLANG_WARN_OBJC_ROOT_CLASS = YES_ERROR;
				CLANG_WARN_SUSPICIOUS_MOVE = YES;
				CLANG_WARN_UNREACHABLE_CODE = YES;
				CLANG_WARN__DUPLICATE_METHOD_MATCH = YES;
				"CODE_SIGN_IDENTITY[sdk=iphoneos*]" = "iPhone Developer";
				COPY_PHASE_STRIP = NO;
				DEBUG_INFORMATION_FORMAT = dwarf;
				ENABLE_STRICT_OBJC_MSGSEND = YES;
				ENABLE_TESTABILITY = YES;
				GCC_C_LANGUAGE_STANDARD = gnu99;
				GCC_DYNAMIC_NO_PIC = NO;
				GCC_NO_COMMON_BLOCKS = YES;
				GCC_OPTIMIZATION_LEVEL = 0;
				GCC_PREPROCESSOR_DEFINITIONS = (
					"DEBUG=1",
					"$(inherited)",
				);
				GCC_WARN_64_TO_32_BIT_CONVERSION = YES;
				GCC_WARN_ABOUT_RETURN_TYPE = YES_ERROR;
				GCC_WARN_UNDECLARED_SELECTOR = YES;
				GCC_WARN_UNINITIALIZED_AUTOS = YES_AGGRESSIVE;
				GCC_WARN_UNUSED_FUNCTION = YES;
				GCC_WARN_UNUSED_VARIABLE = YES;
				IPHONEOS_DEPLOYMENT_TARGET = 10.3;
				MTL_ENABLE_DEBUG_INFO = YES;
				ONLY_ACTIVE_ARCH = YES;
				SDKROOT = iphoneos;
				SWIFT_ACTIVE_COMPILATION_CONDITIONS = DEBUG;
				SWIFT_OPTIMIZATION_LEVEL = "-Onone";
				TARGETED_DEVICE_FAMILY = "1,2";
			};
			name = Debug;
		};
		4E475DFC1F54E38400AEEF4A /* Release */ = {
			isa = XCBuildConfiguration;
			buildSettings = {
				ALWAYS_SEARCH_USER_PATHS = NO;
				CLANG_ANALYZER_NONNULL = YES;
				CLANG_ANALYZER_NUMBER_OBJECT_CONVERSION = YES_AGGRESSIVE;
				CLANG_CXX_LANGUAGE_STANDARD = "gnu++0x";
				CLANG_CXX_LIBRARY = "libc++";
				CLANG_ENABLE_MODULES = YES;
				CLANG_ENABLE_OBJC_ARC = YES;
				CLANG_WARN_BOOL_CONVERSION = YES;
				CLANG_WARN_CONSTANT_CONVERSION = YES;
				CLANG_WARN_DIRECT_OBJC_ISA_USAGE = YES_ERROR;
				CLANG_WARN_DOCUMENTATION_COMMENTS = YES;
				CLANG_WARN_EMPTY_BODY = YES;
				CLANG_WARN_ENUM_CONVERSION = YES;
				CLANG_WARN_INFINITE_RECURSION = YES;
				CLANG_WARN_INT_CONVERSION = YES;
				CLANG_WARN_OBJC_ROOT_CLASS = YES_ERROR;
				CLANG_WARN_SUSPICIOUS_MOVE = YES;
				CLANG_WARN_UNREACHABLE_CODE = YES;
				CLANG_WARN__DUPLICATE_METHOD_MATCH = YES;
				"CODE_SIGN_IDENTITY[sdk=iphoneos*]" = "iPhone Developer";
				COPY_PHASE_STRIP = NO;
				DEBUG_INFORMATION_FORMAT = "dwarf-with-dsym";
				ENABLE_NS_ASSERTIONS = NO;
				ENABLE_STRICT_OBJC_MSGSEND = YES;
				GCC_C_LANGUAGE_STANDARD = gnu99;
				GCC_NO_COMMON_BLOCKS = YES;
				GCC_WARN_64_TO_32_BIT_CONVERSION = YES;
				GCC_WARN_ABOUT_RETURN_TYPE = YES_ERROR;
				GCC_WARN_UNDECLARED_SELECTOR = YES;
				GCC_WARN_UNINITIALIZED_AUTOS = YES_AGGRESSIVE;
				GCC_WARN_UNUSED_FUNCTION = YES;
				GCC_WARN_UNUSED_VARIABLE = YES;
				IPHONEOS_DEPLOYMENT_TARGET = 10.3;
				MTL_ENABLE_DEBUG_INFO = NO;
				SDKROOT = iphoneos;
				SWIFT_OPTIMIZATION_LEVEL = "-Owholemodule";
				TARGETED_DEVICE_FAMILY = "1,2";
				VALIDATE_PRODUCT = YES;
			};
			name = Release;
		};
		4E475DFE1F54E38400AEEF4A /* Debug */ = {
			isa = XCBuildConfiguration;
			baseConfigurationReference = CACC3651D6F4CE1A7F60ECE3 /* Pods-rawr.debug.xcconfig */;
			buildSettings = {
				ASSETCATALOG_COMPILER_APPICON_NAME = AppIcon;
				DEVELOPMENT_TEAM = FBFJ686W9V;
				INFOPLIST_FILE = rawr/Info.plist;
				LD_RUNPATH_SEARCH_PATHS = "$(inherited) @executable_path/Frameworks";
				PRODUCT_BUNDLE_IDENTIFIER = com.kelsey.rawr;
				PRODUCT_NAME = "$(TARGET_NAME)";
				SWIFT_VERSION = 3.0;
			};
			name = Debug;
		};
		4E475DFF1F54E38400AEEF4A /* Release */ = {
			isa = XCBuildConfiguration;
			baseConfigurationReference = 90D7A7FD128E1F9C7CCD4F53 /* Pods-rawr.release.xcconfig */;
			buildSettings = {
				ASSETCATALOG_COMPILER_APPICON_NAME = AppIcon;
				DEVELOPMENT_TEAM = FBFJ686W9V;
				INFOPLIST_FILE = rawr/Info.plist;
				LD_RUNPATH_SEARCH_PATHS = "$(inherited) @executable_path/Frameworks";
				PRODUCT_BUNDLE_IDENTIFIER = com.kelsey.rawr;
				PRODUCT_NAME = "$(TARGET_NAME)";
				SWIFT_VERSION = 3.0;
			};
			name = Release;
		};
		4E475E011F54E38400AEEF4A /* Debug */ = {
			isa = XCBuildConfiguration;
			baseConfigurationReference = D7DCC7C09DF2BBC022796CB0 /* Pods-rawrTests.debug.xcconfig */;
			buildSettings = {
				ALWAYS_EMBED_SWIFT_STANDARD_LIBRARIES = YES;
				BUNDLE_LOADER = "$(TEST_HOST)";
				INFOPLIST_FILE = rawrTests/Info.plist;
				LD_RUNPATH_SEARCH_PATHS = "$(inherited) @executable_path/Frameworks @loader_path/Frameworks";
				PRODUCT_BUNDLE_IDENTIFIER = com.kelsey.rawrTests;
				PRODUCT_NAME = "$(TARGET_NAME)";
				SWIFT_VERSION = 3.0;
				TEST_HOST = "$(BUILT_PRODUCTS_DIR)/rawr.app/rawr";
			};
			name = Debug;
		};
		4E475E021F54E38400AEEF4A /* Release */ = {
			isa = XCBuildConfiguration;
			baseConfigurationReference = 4B5E99EA481EF81DD29C95C5 /* Pods-rawrTests.release.xcconfig */;
			buildSettings = {
				ALWAYS_EMBED_SWIFT_STANDARD_LIBRARIES = YES;
				BUNDLE_LOADER = "$(TEST_HOST)";
				INFOPLIST_FILE = rawrTests/Info.plist;
				LD_RUNPATH_SEARCH_PATHS = "$(inherited) @executable_path/Frameworks @loader_path/Frameworks";
				PRODUCT_BUNDLE_IDENTIFIER = com.kelsey.rawrTests;
				PRODUCT_NAME = "$(TARGET_NAME)";
				SWIFT_VERSION = 3.0;
				TEST_HOST = "$(BUILT_PRODUCTS_DIR)/rawr.app/rawr";
			};
			name = Release;
		};
		4E475E041F54E38400AEEF4A /* Debug */ = {
			isa = XCBuildConfiguration;
			baseConfigurationReference = 12F57864686CACED05C27004 /* Pods-rawrUITests.debug.xcconfig */;
			buildSettings = {
				ALWAYS_EMBED_SWIFT_STANDARD_LIBRARIES = YES;
				INFOPLIST_FILE = rawrUITests/Info.plist;
				LD_RUNPATH_SEARCH_PATHS = "$(inherited) @executable_path/Frameworks @loader_path/Frameworks";
				PRODUCT_BUNDLE_IDENTIFIER = com.kelsey.rawrUITests;
				PRODUCT_NAME = "$(TARGET_NAME)";
				SWIFT_VERSION = 3.0;
				TEST_TARGET_NAME = rawr;
			};
			name = Debug;
		};
		4E475E051F54E38400AEEF4A /* Release */ = {
			isa = XCBuildConfiguration;
			baseConfigurationReference = 1886FE941612CA1ACEA3AD32 /* Pods-rawrUITests.release.xcconfig */;
			buildSettings = {
				ALWAYS_EMBED_SWIFT_STANDARD_LIBRARIES = YES;
				INFOPLIST_FILE = rawrUITests/Info.plist;
				LD_RUNPATH_SEARCH_PATHS = "$(inherited) @executable_path/Frameworks @loader_path/Frameworks";
				PRODUCT_BUNDLE_IDENTIFIER = com.kelsey.rawrUITests;
				PRODUCT_NAME = "$(TARGET_NAME)";
				SWIFT_VERSION = 3.0;
				TEST_TARGET_NAME = rawr;
			};
			name = Release;
		};
/* End XCBuildConfiguration section */

/* Begin XCConfigurationList section */
		4E475DD01F54E38300AEEF4A /* Build configuration list for PBXProject "rawr" */ = {
			isa = XCConfigurationList;
			buildConfigurations = (
				4E475DFB1F54E38400AEEF4A /* Debug */,
				4E475DFC1F54E38400AEEF4A /* Release */,
			);
			defaultConfigurationIsVisible = 0;
			defaultConfigurationName = Release;
		};
		4E475DFD1F54E38400AEEF4A /* Build configuration list for PBXNativeTarget "rawr" */ = {
			isa = XCConfigurationList;
			buildConfigurations = (
				4E475DFE1F54E38400AEEF4A /* Debug */,
				4E475DFF1F54E38400AEEF4A /* Release */,
			);
			defaultConfigurationIsVisible = 0;
			defaultConfigurationName = Release;
		};
		4E475E001F54E38400AEEF4A /* Build configuration list for PBXNativeTarget "rawrTests" */ = {
			isa = XCConfigurationList;
			buildConfigurations = (
				4E475E011F54E38400AEEF4A /* Debug */,
				4E475E021F54E38400AEEF4A /* Release */,
			);
			defaultConfigurationIsVisible = 0;
			defaultConfigurationName = Release;
		};
		4E475E031F54E38400AEEF4A /* Build configuration list for PBXNativeTarget "rawrUITests" */ = {
			isa = XCConfigurationList;
			buildConfigurations = (
				4E475E041F54E38400AEEF4A /* Debug */,
				4E475E051F54E38400AEEF4A /* Release */,
			);
			defaultConfigurationIsVisible = 0;
			defaultConfigurationName = Release;
		};
/* End XCConfigurationList section */
	};
	rootObject = 4E475DCD1F54E38300AEEF4A /* Project object */;
}
